{
  "lockfileVersion": 1,
  "configVersion": 1,
  "workspaces": {
    "": {
      "name": "gi",
      "dependencies": {
        "@assemblyscript/loader": "0.28.20",
        "@babel/runtime": "8.0.5",
        "beautiful-mermaid": "1.1.3",
        "fflate": "0.8.3",
        "htm": "3.1.1",
        "katex": "0.18.7",
        "marked": "18.0.14",
        "preact": "10.29.8",
      },
      "devDependencies": {
        "@codemirror/autocomplete": "6.20.3",
        "@codemirror/commands": "6.11.1",
        "@codemirror/lang-css": "6.3.1",
        "@codemirror/lang-go": "6.0.1",
        "@codemirror/lang-html": "6.4.12",
        "@codemirror/lang-javascript": "6.2.5",
        "@codemirror/lang-json": "6.0.2",
        "@codemirror/lang-markdown": "6.5.2",
        "@codemirror/lang-python": "6.2.1",
        "@codemirror/lang-sql": "6.10.0",
        "@codemirror/lang-xml": "6.1.0",
        "@codemirror/lang-yaml": "6.1.3",
        "@codemirror/language": "6.12.4",
        "@codemirror/legacy-modes": "6.5.4",
        "@codemirror/lint": "6.9.7",
        "@codemirror/merge": "6.12.2",
        "@codemirror/search": "6.7.2",
        "@codemirror/state": "6.7.6",
        "@codemirror/view": "6.43.13",
        "@cucumber/gherkin": "^42.0.1",
        "@cucumber/messages": "^34.2.1",
        "@lezer/highlight": "1.2.3",
        "@playwright/test": "1.63.0",
        "@replit/codemirror-indentation-markers": "6.5.3",
        "@replit/codemirror-vim": "6.4.0",
        "@uiw/codemirror-theme-github": "4.25.11",
        "codemirror": "6.0.2",
        "playwright": "1.63.0",
      },
    },
  },
  "packages": {
    "@assemblyscript/loader": ["@assemblyscript/loader@0.28.20", "", {}, "sha512-uBUnqp8AckYaraRFJZi4D+gONE8flqm4hLRI9uH886imTdlIN//5nNJN4ZD7tGt49KOVi/IZgwmsHBDhSKaILw=="],

    "@babel/runtime": ["@babel/runtime@8.0.5", "", {}, "sha512-7NK+Lz3spQ52XsUGTxIEVU4jYN2/dIaX8sTxRFAUtYmttYZnVh3aehiihv+/Gb7+duMNHl2OrFcBQRyOHScxpg=="],

    "@codemirror/autocomplete": ["@codemirror/autocomplete@6.20.3", "", { "dependencies": { "@codemirror/language": "^6.0.0", "@codemirror/state": "^6.0.0", "@codemirror/view": "^6.17.0", "@lezer/common": "^1.0.0" } }, "sha512-tlosUqb+3BbxCxZdu4tKeRghPFC+QM7q4X5YhKV2eCmPG+1r2F3f4AaSz5sCrFqUtX4Jh20VFTKecl16MgiV9g=="],

    "@codemirror/commands": ["@codemirror/commands@6.11.1", "", { "dependencies": { "@codemirror/language": "^6.0.0", "@codemirror/state": "^6.7.0", "@codemirror/view": "^6.27.0", "@lezer/common": "^1.1.0" } }, "sha512-O/4hG3SC1YwcmQ0d2UVNDs+AsaNWd1iHVxbTeEBuqH+6bExAiPK3iS/BvpY6rZGURALv4ZD3sIgcCmRvw3ehBg=="],

    "@codemirror/lang-css": ["@codemirror/lang-css@6.3.1", "", { "dependencies": { "@codemirror/autocomplete": "^6.0.0", "@codemirror/language": "^6.0.0", "@codemirror/state": "^6.0.0", "@lezer/common": "^1.0.2", "@lezer/css": "^1.1.7" } }, "sha512-kr5fwBGiGtmz6l0LSJIbno9QrifNMUusivHbnA1H6Dmqy4HZFte3UAICix1VuKo0lMPKQr2rqB+0BkKi/S3Ejg=="],

    "@codemirror/lang-go": ["@codemirror/lang-go@6.0.1", "", { "dependencies": { "@codemirror/autocomplete": "^6.0.0", "@codemirror/language": "^6.6.0", "@codemirror/state": "^6.0.0", "@lezer/common": "^1.0.0", "@lezer/go": "^1.0.0" } }, "sha512-7fNvbyNylvqCphW9HD6WFnRpcDjr+KXX/FgqXy5H5ZS0eC5edDljukm/yNgYkwTsgp2busdod50AOTIy6Jikfg=="],

    "@codemirror/lang-html": ["@codemirror/lang-html@6.4.12", "", { "dependencies": { "@codemirror/autocomplete": "^6.0.0", "@codemirror/lang-css": "^6.0.0", "@codemirror/lang-javascript": "^6.0.0", "@codemirror/language": "^6.4.0", "@codemirror/state": "^6.0.0", "@codemirror/view": "^6.17.0", "@lezer/common": "^1.0.0", "@lezer/css": "^1.1.0", "@lezer/html": "^1.3.12" } }, "sha512-pw2ReWKUqSkbvh76RAT4NYxiogRu+PWkR2ukAwO9uOgrm8uipkzjtKKtNpyeAQwHOqxEeSvAXZ6vr3AfyB9y/w=="],

    "@codemirror/lang-javascript": ["@codemirror/lang-javascript@6.2.5", "", { "dependencies": { "@codemirror/autocomplete": "^6.0.0", "@codemirror/language": "^6.6.0", "@codemirror/lint": "^6.0.0", "@codemirror/state": "^6.0.0", "@codemirror/view": "^6.17.0", "@lezer/common": "^1.0.0", "@lezer/javascript": "^1.0.0" } }, "sha512-zD4e5mS+50htS7F+TYjBPsiIFGanfVqg4HyUz6WNFikgOPf2BgKlx+TQedI1w6n/IqRBVBbBWmGFdLB/7uxO4A=="],

    "@codemirror/lang-json": ["@codemirror/lang-json@6.0.2", "", { "dependencies": { "@codemirror/language": "^6.0.0", "@lezer/json": "^1.0.0" } }, "sha512-x2OtO+AvwEHrEwR0FyyPtfDUiloG3rnVTSZV1W8UteaLL8/MajQd8DpvUb2YVzC+/T18aSDv0H9mu+xw0EStoQ=="],

    "@codemirror/lang-markdown": ["@codemirror/lang-markdown@6.5.2", "", { "dependencies": { "@codemirror/autocomplete": "^6.7.1", "@codemirror/lang-html": "^6.0.0", "@codemirror/language": "^6.3.0", "@codemirror/state": "^6.0.0", "@codemirror/view": "^6.0.0", "@lezer/common": "^1.2.1", "@lezer/markdown": "^1.0.0" } }, "sha512-AwBOdkWYuA//WcM0xO5PfHPUcmz/O2i5o0Nsg1U69SII/loCJlFI1Romd9xp2HYb1kYJRGZotyqRghuHH5n8Kw=="],

    "@codemirror/lang-python": ["@codemirror/lang-python@6.2.1", "", { "dependencies": { "@codemirror/autocomplete": "^6.3.2", "@codemirror/language": "^6.8.0", "@codemirror/state": "^6.0.0", "@lezer/common": "^1.2.1", "@lezer/python": "^1.1.4" } }, "sha512-IRjC8RUBhn9mGR9ywecNhB51yePWCGgvHfY1lWN/Mrp3cKuHr0isDKia+9HnvhiWNnMpbGhWrkhuWOc09exRyw=="],

    "@codemirror/lang-sql": ["@codemirror/lang-sql@6.10.0", "", { "dependencies": { "@codemirror/autocomplete": "^6.0.0", "@codemirror/language": "^6.0.0", "@codemirror/state": "^6.0.0", "@lezer/common": "^1.2.0", "@lezer/highlight": "^1.0.0", "@lezer/lr": "^1.0.0" } }, "sha512-6ayPkEd/yRw0XKBx5uAiToSgGECo/GY2NoJIHXIIQh1EVwLuKoU8BP/qK0qH5NLXAbtJRLuT73hx7P9X34iO4w=="],

    "@codemirror/lang-xml": ["@codemirror/lang-xml@6.1.0", "", { "dependencies": { "@codemirror/autocomplete": "^6.0.0", "@codemirror/language": "^6.4.0", "@codemirror/state": "^6.0.0", "@codemirror/view": "^6.0.0", "@lezer/common": "^1.0.0", "@lezer/xml": "^1.0.0" } }, "sha512-3z0blhicHLfwi2UgkZYRPioSgVTo9PV5GP5ducFH6FaHy0IAJRg+ixj5gTR1gnT/glAIC8xv4w2VL1LoZfs+Jg=="],

    "@codemirror/lang-yaml": ["@codemirror/lang-yaml@6.1.3", "", { "dependencies": { "@codemirror/autocomplete": "^6.0.0", "@codemirror/language": "^6.0.0", "@codemirror/state": "^6.0.0", "@lezer/common": "^1.2.0", "@lezer/highlight": "^1.2.0", "@lezer/lr": "^1.0.0", "@lezer/yaml": "^1.0.0" } }, "sha512-AZ8DJBuXGVHybpBQhmZtgew5//4hv3tdkXnr3vDmOUMJRuB6vn/uuwtmTOTlqEaQFg3hQSVeA90NmvIQyUV6FQ=="],

    "@codemirror/language": ["@codemirror/language@6.12.4", "", { "dependencies": { "@codemirror/state": "^6.0.0", "@codemirror/view": "^6.23.0", "@lezer/common": "^1.5.0", "@lezer/highlight": "^1.0.0", "@lezer/lr": "^1.0.0", "style-mod": "^4.0.0" } }, "sha512-1q4PaT+o6PbgpkJt4Q8Fv5XJxTy4FUZ4MWETtyiDw3J0Pyr9E2vqcKL+k9wcvjNTIsauxvE7OfmWj3FRPHQ76A=="],

    "@codemirror/legacy-modes": ["@codemirror/legacy-modes@6.5.4", "", { "dependencies": { "@codemirror/language": "^6.0.0" } }, "sha512-/cZr6qZyl08iYNLGsJ862CXXNI51LryRFRE40ejgoIjXZz0C1rGkD3/Ek5jM/8w1ceRjqtt4qx/KLMh4zBTgew=="],

    "@codemirror/lint": ["@codemirror/lint@6.9.7", "", { "dependencies": { "@codemirror/state": "^6.0.0", "@codemirror/view": "^6.42.0", "crelt": "^1.0.5" } }, "sha512-28/+iWLYxKxsvGYhSYL7zaCZqLz5+FFFDq9tVsvGv9kv8RY4fFAchJ5WX9M3YrrRlTIsECjsXPqeNgnSmNP2dg=="],

    "@codemirror/merge": ["@codemirror/merge@6.12.2", "", { "dependencies": { "@codemirror/language": "^6.0.0", "@codemirror/state": "^6.0.0", "@codemirror/view": "^6.17.0", "@lezer/highlight": "^1.0.0", "style-mod": "^4.1.0" } }, "sha512-V8JvyAPjHbPupqP7BeMcsdsYCbyPij74jxIbaIJDORI+VZzW44zFmon8bF+oxGWvOKhcRmkiUMXd8MxHr3YA2w=="],

    "@codemirror/search": ["@codemirror/search@6.7.2", "", { "dependencies": { "@codemirror/state": "^6.0.0", "@codemirror/view": "^6.37.0", "crelt": "^1.0.5" } }, "sha512-gUYkYhT2+n/+VGZ+8EzE5WFkYZUZYm1VOKDudIsNqh42uRVQJ0a6Yss9sdKT3MeOYfuL1N6AZA57oza0Oyr0LA=="],

    "@codemirror/state": ["@codemirror/state@6.7.6", "", { "dependencies": { "@marijn/find-cluster-break": "^1.0.0" } }, "sha512-kAz+AncRtKuIknedxT1bq4XwXv4UowhbkHU1myPrtVb/jZtImWuV5BXzv5vK6i3kYACsdiZiQKFQQ5Mq7elW8w=="],

    "@codemirror/view": ["@codemirror/view@6.43.13", "", { "dependencies": { "@codemirror/state": "^6.7.0", "crelt": "^1.0.6", "style-mod": "^4.1.0", "w3c-keyname": "^2.2.4" } }, "sha512-sihaFrUzAsYBQsL9J2t69y8nfMQGwcYmggAZsk+kjPbjYZMyuf2hU8tUNTZ+P+isb6XRr8JE22TZlJxBoVdH1A=="],

    "@cucumber/gherkin": ["@cucumber/gherkin@42.0.1", "", { "dependencies": { "@cucumber/messages": ">=34.0.0 <35" } }, "sha512-Kqg0ULhWqbXp/a1c04ND4sS4KTlIL831tQ0NhZLXWdEhT6LiNsZ5LFRzy/lBy7QQpcKhroKp/i3C2WdEnRBKNg=="],

    "@cucumber/messages": ["@cucumber/messages@34.2.1", "", {}, "sha512-aj2iCAG9ZOpMVcMxcgShifv5fbR96b7SMgdWcPXXh2QbFp7OEcAnQ5MC5YfWUDSDasmw7FU5NJEsOrXdTQOU1A=="],

    "@lezer/common": ["@lezer/common@1.5.2", "", {}, "sha512-sxQE460fPZyU3sdc8lafxiPwJHBzZRy/udNFynGQky1SePYBdhkBl1kOagA9uT3pxR8K09bOrmTUqA9wb/PjSQ=="],

    "@lezer/css": ["@lezer/css@1.3.8", "", { "dependencies": { "@lezer/common": "^1.2.0", "@lezer/highlight": "^1.0.0", "@lezer/lr": "^1.3.0" } }, "sha512-EJn1zcL9qoDptief6ipWKZKLiOpXkxSe0+t8CH9oiMVcZlq7NBWrjCqnc/41EIjeo/ITj1gFFiATdTkaJDL+Og=="],

    "@lezer/go": ["@lezer/go@1.0.1", "", { "dependencies": { "@lezer/common": "^1.2.0", "@lezer/highlight": "^1.0.0", "@lezer/lr": "^1.3.0" } }, "sha512-xToRsYxwsgJNHTgNdStpcvmbVuKxTapV0dM0wey1geMMRc9aggoVyKgzYp41D2/vVOx+Ii4hmE206kvxIXBVXQ=="],

    "@lezer/highlight": ["@lezer/highlight@1.2.3", "", { "dependencies": { "@lezer/common": "^1.3.0" } }, "sha512-qXdH7UqTvGfdVBINrgKhDsVTJTxactNNxLk7+UMwZhU13lMHaOBlJe9Vqp907ya56Y3+ed2tlqzys7jDkTmW0g=="],

    "@lezer/html": ["@lezer/html@1.3.13", "", { "dependencies": { "@lezer/common": "^1.2.0", "@lezer/highlight": "^1.0.0", "@lezer/lr": "^1.0.0" } }, "sha512-oI7n6NJml729m7pjm9lvLvmXbdoMoi2f+1pwSDJkl9d68zGr7a9Btz8NdHTGQZtW2DA25ybeuv/SyDb9D5tseg=="],

    "@lezer/javascript": ["@lezer/javascript@1.5.5", "", { "dependencies": { "@lezer/common": "^1.2.0", "@lezer/highlight": "^1.1.3", "@lezer/lr": "^1.3.0" } }, "sha512-sWg4yX1J6XW67AaAynVt0iwF0M5c+np36TEu+P2ifAJ8haRYvHnWDV28r1jdwnJehWCwXECutAUy56K4RBZIyg=="],

    "@lezer/json": ["@lezer/json@1.0.3", "", { "dependencies": { "@lezer/common": "^1.2.0", "@lezer/highlight": "^1.0.0", "@lezer/lr": "^1.0.0" } }, "sha512-BP9KzdF9Y35PDpv04r0VeSTKDeox5vVr3efE7eBbx3r4s3oNLfunchejZhjArmeieBH+nVOpgIiBJpEAv8ilqQ=="],

    "@lezer/lr": ["@lezer/lr@1.4.10", "", { "dependencies": { "@lezer/common": "^1.0.0" } }, "sha512-rnCpTIBafOx4mRp43xOxDJbFipJm/c0cia/V5TiGlhmMa+wsSdoGmUN3w5Bqrks/09Q/D4tNAmWaT8p6NRi77A=="],

    "@lezer/markdown": ["@lezer/markdown@1.7.2", "", { "dependencies": { "@lezer/common": "^1.5.0", "@lezer/highlight": "^1.0.0" } }, "sha512-iTkYvoVcKt3WkeL7qUDyXHONZEwLio4wj8KTNi2dnjQEXBZKMV63BpQrPqfsM+OkvuRbiSTAcycYAsQzLhRNoQ=="],

    "@lezer/python": ["@lezer/python@1.1.19", "", { "dependencies": { "@lezer/common": "^1.2.0", "@lezer/highlight": "^1.0.0", "@lezer/lr": "^1.0.0" } }, "sha512-MhQIURHRytsNzP/YXnqpYKW6la6voAH3kyplTOOiCdjyFY6cWWGFVmYVdHIPrElqSDf4iCDktQCockB9FxuhzQ=="],

    "@lezer/xml": ["@lezer/xml@1.0.6", "", { "dependencies": { "@lezer/common": "^1.2.0", "@lezer/highlight": "^1.0.0", "@lezer/lr": "^1.0.0" } }, "sha512-CdDwirL0OEaStFue/66ZmFSeppuL6Dwjlk8qk153mSQwiSH/Dlri4GNymrNWnUmPl2Um7QfV1FO9KFUyX3Twww=="],

    "@lezer/yaml": ["@lezer/yaml@1.0.4", "", { "dependencies": { "@lezer/common": "^1.2.0", "@lezer/highlight": "^1.0.0", "@lezer/lr": "^1.4.0" } }, "sha512-2lrrHqxalACEbxIbsjhqGpSW8kWpUKuY6RHgnSAFZa6qK62wvnPxA8hGOwOoDbwHcOFs5M4o27mjGu+P7TvBmw=="],

    "@marijn/find-cluster-break": ["@marijn/find-cluster-break@1.0.4", "", {}, "sha512-Wy0V7+SGUjnF9/TkiM1hKVDPj7jKXduPNboMVtHTA8dySMURWqfg/JZ9E2Sq8JgSJmkl7k7Qe9FLeMSrSraWmQ=="],

    "@playwright/test": ["@playwright/test@1.63.0", "", { "dependencies": { "playwright": "1.63.0" }, "bin": { "playwright": "cli.js" } }, "sha512-oxMK4vllB9RK5NQ2l1pq1IfOf2AvnEuj/vYGDj0H2nMtmtZpKtCwt/l00GEO6xjGfpBNAvjovvYdCm50dRQkpQ=="],

    "@replit/codemirror-indentation-markers": ["@replit/codemirror-indentation-markers@6.5.3", "", { "peerDependencies": { "@codemirror/language": "^6.0.0", "@codemirror/state": "^6.0.0", "@codemirror/view": "^6.0.0" } }, "sha512-hL5Sfvw3C1vgg7GolLe/uxX5T3tmgOA3ZzqlMv47zjU1ON51pzNWiVbS22oh6crYhtVhv8b3gdXwoYp++2ilHw=="],

    "@replit/codemirror-vim": ["@replit/codemirror-vim@6.4.0", "", { "dependencies": { "@replit/codemirror-vim-core": "^0.1.0" }, "peerDependencies": { "@codemirror/commands": "6.x.x", "@codemirror/language": "6.x.x", "@codemirror/search": "6.x.x", "@codemirror/state": "6.x.x", "@codemirror/view": "6.x.x" } }, "sha512-t9UMDNhkmeAkl0uRbiJVotv97bGD6mf4GyJJoEbrjUqa/Pov0s9eL+4AaI0Xto3OGri17i9qwIpT0JbVlVXt8A=="],

    "@replit/codemirror-vim-core": ["@replit/codemirror-vim-core@0.1.0", "", {}, "sha512-1i6EBKpcNfDKvTmTh6N6g9lL6udD5t+uFNh4JCqozRnVlvUGOps7h/QzS2ne4zcvPUjvApKpmcP7Grc3fNbZiQ=="],

    "@uiw/codemirror-theme-github": ["@uiw/codemirror-theme-github@4.25.11", "", { "dependencies": { "@uiw/codemirror-themes": "4.25.11" } }, "sha512-3s0LK3gX2mvGI996z3G0tEHZqshbeJRly+QMRsKGAI1Tfr1V475bfaW9NvnoDdINuQHt+RB+ri6q57+WWF8d+A=="],

    "@uiw/codemirror-themes": ["@uiw/codemirror-themes@4.25.11", "", { "dependencies": { "@codemirror/language": "^6.0.0", "@codemirror/state": "^6.0.0", "@codemirror/view": "^6.0.0" } }, "sha512-SBNCOgRsCtewGNocRbmjbCkltGXlFcPJsvhxQ351VynQjnWUiPbUrFcEU/haQ3HanROdAAjWXZJPk5bMBxl2jw=="],

    "beautiful-mermaid": ["beautiful-mermaid@1.1.3", "", { "dependencies": { "elkjs": "^0.11.0", "entities": "^7.0.1" } }, "sha512-TItrtrAyHp1vwFfFVYauWGrquouk/6SS21Aq3RsxindSYZODcN4xYrPZD6BiZRU+o5mKJzDPz9MUSMvELdylyg=="],

    "codemirror": ["codemirror@6.0.2", "", { "dependencies": { "@codemirror/autocomplete": "^6.0.0", "@codemirror/commands": "^6.0.0", "@codemirror/language": "^6.0.0", "@codemirror/lint": "^6.0.0", "@codemirror/search": "^6.0.0", "@codemirror/state": "^6.0.0", "@codemirror/view": "^6.0.0" } }, "sha512-VhydHotNW5w1UGK0Qj96BwSk/Zqbp9WbnyK2W/eVMv4QyF41INRGpjUhFJY7/uDNuudSc33a/PKr4iDqRduvHw=="],

    "commander": ["commander@15.0.0", "", {}, "sha512-z67u4ZhzCL/Tydu1lJARtEZYWbWaN7oYLHbsuzocr6y4N6WZAagG3RQ4FW61V1/0+jImpj293XfrcYnd1qxtPg=="],

    "crelt": ["crelt@1.0.7", "", {}, "sha512-aK6BbWfhf4U/wCcLHKPJl/xa6VkVstRaPywWtMKGwuOLc/wZTyQYuoxgvZnNsBvv7Kg3YTBQYYBCggcviQczuA=="],

    "elkjs": ["elkjs@0.11.1", "", {}, "sha512-zxxR9k+rx5ktMwT/FwyLdPCrq7xN6e4VGGHH8hA01vVYKjTFik7nHOxBnAYtrgYUB1RpAiLvA1/U2YraWxyKKg=="],

    "entities": ["entities@7.0.1", "", {}, "sha512-TWrgLOFUQTH994YUyl1yT4uyavY5nNB5muff+RtWaqNVCAK408b5ZnnbNAUEWLTCpum9w6arT70i1XdQ4UeOPA=="],

    "fflate": ["fflate@0.8.3", "", {}, "sha512-tbZNuJrLwGUp3zshBtdy4W+ORxZuIh8a5ilyIEQDC5rY1f3U20JMry0Ll3WBzU58EZKsEuJFXhb5gwv8CsPvgA=="],

    "htm": ["htm@3.1.1", "", {}, "sha512-983Vyg8NwUE7JkZ6NmOqpCZ+sh1bKv2iYTlUkzlWmA5JD2acKoxd4KVxbMmxX/85mtfdnDmTFoNKcg5DGAvxNQ=="],

    "katex": ["katex@0.18.7", "", { "dependencies": { "commander": "^15.0.0" }, "bin": { "katex": "cli.js" } }, "sha512-h+UCwkZ+4Jz8WQ7MLGfj7UVFrRCizGb912fwF4luGdYsC5paYG1vx+jy+KRcC/XkpjGva/P7nAWuxNnPzRvzHw=="],

    "marked": ["marked@18.0.14", "", { "bin": { "marked": "bin/marked.js" } }, "sha512-mBHK6FBHuBAlhgRe88w9F0O1AbwwXJUcQibUbC/QcdTbVGAD7aWza+xt3N6oT/jCZx3/OMeS+8rnuiHZcQ9s7A=="],

    "playwright": ["playwright@1.63.0", "", { "dependencies": { "playwright-core": "1.63.0" }, "bin": { "playwright": "cli.js" } }, "sha512-+7ziBLidS4NaNCdt57SUDT+wYmmd5fmiQejUic/kb+YsYSCPyOOE9sebzMjNmQrsnNpDJqd4WHvV/8lfKfUDUg=="],

    "playwright-core": ["playwright-core@1.63.0", "", { "bin": { "playwright-core": "cli.js" } }, "sha512-rYCsBF/M5HjUch52bbtVONEFjv6Xu8sm8h72dNlR5bzIE1fvC/bxgspzkjSfU+MweEMmPM8KJebG6nnyxo5mCg=="],

    "preact": ["preact@10.29.8", "", { "peerDependencies": { "preact-render-to-string": ">=5" }, "optionalPeers": ["preact-render-to-string"] }, "sha512-ej2aVZ+vZ8WO7tvlQWRM9N63A0KzF9q4mWJfDUHgYaIofWY9hu74QdnQrjoPMmZi2/nZ5gN0bJCQF49xQqx09Q=="],

    "style-mod": ["style-mod@4.1.4", "", {}, "sha512-XXWIQt633/EpAFx8aZDOTjBzrCaGmhvEQlQo6MVPfa2OzO2cWo+4hV9h+6UkHYlXGfy+ODXKUdP7Pthmcu5ATw=="],

    "w3c-keyname": ["w3c-keyname@2.2.8", "", {}, "sha512-dpojBhNsCNN7T82Tm7k26A6G9ML3NkhDsnw9n/eoxSRlVBB4CEtIQ/KTCLI2Fwf3ataSXRhYFkQi3SlnFwPvPQ=="],
  }
}
